
Microsoft Visual Studio Solution File, Format Version 12.00
# Visual Studio 15
Project("{FAE04EC0-301F-11D3-BF4B-00C04F79EFBC}") = "Assembly-CSharp", "Assembly-CSharp.csproj", "{E1A1BDDA-A569-EC38-DA39-81C0901819EC}"
EndProject
Project("{FAE04EC0-301F-11D3-BF4B-00C04F79EFBC}") = "Assembly-CSharp-Editor", "Assembly-CSharp-Editor.csproj", "{F794088C-0FDD-E8FA-9C1A-A82686E21D19}"
EndProject
Global
	GlobalSection(SolutionConfigurationPlatforms) = preSolution
		Debug|Any CPU = Debug|Any CPU
		Release|Any CPU = Release|Any CPU
	EndGlobalSection
	GlobalSection(ProjectConfigurationPlatforms) = postSolution
		{E1A1BDDA-A569-EC38-DA39-81C0901819EC}.Debug|Any CPU.ActiveCfg = Debug|Any CPU
		{E1A1BDDA-A569-EC38-DA39-81C0901819EC}.Debug|Any CPU.Build.0 = Debug|Any CPU
		{E1A1BDDA-A569-EC38-DA39-81C0901819EC}.Release|Any CPU.ActiveCfg = Release|Any CPU
		{E1A1BDDA-A569-EC38-DA39-81C0901819EC}.Release|Any CPU.Build.0 = Release|Any CPU
		{F794088C-0FDD-E8FA-9C1A-A82686E21D19}.Debug|Any CPU.ActiveCfg = Debug|Any CPU
		{F794088C-0FDD-E8FA-9C1A-A82686E21D19}.Debug|Any CPU.Build.0 = Debug|Any CPU
		{F794088C-0FDD-E8FA-9C1A-A82686E21D19}.Release|Any CPU.ActiveCfg = Release|Any CPU
		{F794088C-0FDD-E8FA-9C1A-A82686E21D19}.Release|Any CPU.Build.0 = Release|Any CPU
	EndGlobalSection
	GlobalSection(SolutionProperties) = preSolution
		HideSolutionNode = FALSE
	EndGlobalSection
EndGlobal
